
Microsoft Visual Studio Solution File, Format Version 12.00
# Visual Studio Version 16
VisualStudioVersion = 16.0.28315.86
MinimumVisualStudioVersion = 10.0.40219.1
Project("{2150E333-8FDC-42A3-9474-1A3956D46DE8}") = "Engine", "Engine", "{3AE401F8-22E4-48B5-A1D8-2599397FA816}"
EndProject
Project("{2150E333-8FDC-42A3-9474-1A3956D46DE8}") = "Games", "Games", "{D799923C-5E9B-478F-9060-79BE09F181DA}"
EndProject
Project("{8BC9CEB8-8B4A-11D0-8D11-00A0C91BC942}") = "UE4", "Intermediate\ProjectFiles\UE4.vcxproj", "{1E62F286-ADDC-4C69-AFC5-654419CED34A}"
EndProject
Project("{8BC9CEB8-8B4A-11D0-8D11-00A0C91BC942}") = "EscapeBuildling", "Intermediate\ProjectFiles\EscapeBuildling.vcxproj", "{163E0D09-47F4-459D-8451-5C87B594D182}"
EndProject
Project("{2150E333-8FDC-42A3-9474-1A3956D46DE8}") = "Visualizers", "Visualizers", "{568B7680-1801-4BE3-BA3B-A583207BC726}"
	ProjectSection(SolutionItems) = preProject
		..\..\Epic Games\Epic Games\UE_4.22\Engine\Extras\VisualStudioDebugging\UE4.natvis = ..\..\Epic Games\Epic Games\UE_4.22\Engine\Extras\VisualStudioDebugging\UE4.natvis
	EndProjectSection
EndProject
Global
	GlobalSection(SolutionConfigurationPlatforms) = preSolution
		DebugGame Editor|HTML5 = DebugGame Editor|HTML5
		DebugGame Editor|Win32 = DebugGame Editor|Win32
		DebugGame Editor|Win64 = DebugGame Editor|Win64
		DebugGame|HTML5 = DebugGame|HTML5
		DebugGame|Win32 = DebugGame|Win32
		DebugGame|Win64 = DebugGame|Win64
		Development Editor|HTML5 = Development Editor|HTML5
		Development Editor|Win32 = Development Editor|Win32
		Development Editor|Win64 = Development Editor|Win64
		Development|HTML5 = Development|HTML5
		Development|Win32 = Development|Win32
		Development|Win64 = Development|Win64
		Shipping|HTML5 = Shipping|HTML5
		Shipping|Win32 = Shipping|Win32
		Shipping|Win64 = Shipping|Win64
	EndGlobalSection
	GlobalSection(ProjectConfigurationPlatforms) = postSolution
		{1E62F286-ADDC-4C69-AFC5-654419CED34A}.DebugGame Editor|HTML5.ActiveCfg = BuiltWithUnrealBuildTool|Win32
		{1E62F286-ADDC-4C69-AFC5-654419CED34A}.DebugGame Editor|Win32.ActiveCfg = BuiltWithUnrealBuildTool|Win32
		{1E62F286-ADDC-4C69-AFC5-654419CED34A}.DebugGame Editor|Win64.ActiveCfg = BuiltWithUnrealBuildTool|Win32
		{1E62F286-ADDC-4C69-AFC5-654419CED34A}.DebugGame|HTML5.ActiveCfg = BuiltWithUnrealBuildTool|Win32
		{1E62F286-ADDC-4C69-AFC5-654419CED34A}.DebugGame|Win32.ActiveCfg = BuiltWithUnrealBuildTool|Win32
		{1E62F286-ADDC-4C69-AFC5-654419CED34A}.DebugGame|Win64.ActiveCfg = BuiltWithUnrealBuildTool|Win32
		{1E62F286-ADDC-4C69-AFC5-654419CED34A}.Development Editor|HTML5.ActiveCfg = BuiltWithUnrealBuildTool|Win32
		{1E62F286-ADDC-4C69-AFC5-654419CED34A}.Development Editor|Win32.ActiveCfg = BuiltWithUnrealBuildTool|Win32
		{1E62F286-ADDC-4C69-AFC5-654419CED34A}.Development Editor|Win64.ActiveCfg = BuiltWithUnrealBuildTool|Win32
		{1E62F286-ADDC-4C69-AFC5-654419CED34A}.Development|HTML5.ActiveCfg = BuiltWithUnrealBuildTool|Win32
		{1E62F286-ADDC-4C69-AFC5-654419CED34A}.Development|Win32.ActiveCfg = BuiltWithUnrealBuildTool|Win32
		{1E62F286-ADDC-4C69-AFC5-654419CED34A}.Development|Win64.ActiveCfg = BuiltWithUnrealBuildTool|Win32
		{1E62F286-ADDC-4C69-AFC5-654419CED34A}.Shipping|HTML5.ActiveCfg = BuiltWithUnrealBuildTool|Win32
		{1E62F286-ADDC-4C69-AFC5-654419CED34A}.Shipping|Win32.ActiveCfg = BuiltWithUnrealBuildTool|Win32
		{1E62F286-ADDC-4C69-AFC5-654419CED34A}.Shipping|Win64.ActiveCfg = BuiltWithUnrealBuildTool|Win32
		{163E0D09-47F4-459D-8451-5C87B594D182}.DebugGame Editor|HTML5.ActiveCfg = Invalid|Win32
		{163E0D09-47F4-459D-8451-5C87B594D182}.DebugGame Editor|Win32.ActiveCfg = Invalid|Win32
		{163E0D09-47F4-459D-8451-5C87B594D182}.DebugGame Editor|Win64.ActiveCfg = DebugGame_Editor|x64
		{163E0D09-47F4-459D-8451-5C87B594D182}.DebugGame Editor|Win64.Build.0 = DebugGame_Editor|x64
		{163E0D09-47F4-459D-8451-5C87B594D182}.DebugGame|HTML5.ActiveCfg = HTML5_DebugGame|Win32
		{163E0D09-47F4-459D-8451-5C87B594D182}.DebugGame|HTML5.Build.0 = HTML5_DebugGame|Win32
		{163E0D09-47F4-459D-8451-5C87B594D182}.DebugGame|Win32.ActiveCfg = DebugGame|Win32
		{163E0D09-47F4-459D-8451-5C87B594D182}.DebugGame|Win32.Build.0 = DebugGame|Win32
		{163E0D09-47F4-459D-8451-5C87B594D182}.DebugGame|Win64.ActiveCfg = DebugGame|x64
		{163E0D09-47F4-459D-8451-5C87B594D182}.DebugGame|Win64.Build.0 = DebugGame|x64
		{163E0D09-47F4-459D-8451-5C87B594D182}.Development Editor|HTML5.ActiveCfg = Invalid|Win32
		{163E0D09-47F4-459D-8451-5C87B594D182}.Development Editor|Win32.ActiveCfg = Invalid|Win32
		{163E0D09-47F4-459D-8451-5C87B594D182}.Development Editor|Win64.ActiveCfg = Development_Editor|x64
		{163E0D09-47F4-459D-8451-5C87B594D182}.Development Editor|Win64.Build.0 = Development_Editor|x64
		{163E0D09-47F4-459D-8451-5C87B594D182}.Development|HTML5.ActiveCfg = HTML5_Development|Win32
		{163E0D09-47F4-459D-8451-5C87B594D182}.Development|HTML5.Build.0 = HTML5_Development|Win32
		{163E0D09-47F4-459D-8451-5C87B594D182}.Development|Win32.ActiveCfg = Development|Win32
		{163E0D09-47F4-459D-8451-5C87B594D182}.Development|Win32.Build.0 = Development|Win32
		{163E0D09-47F4-459D-8451-5C87B594D182}.Development|Win64.ActiveCfg = Development|x64
		{163E0D09-47F4-459D-8451-5C87B594D182}.Development|Win64.Build.0 = Development|x64
		{163E0D09-47F4-459D-8451-5C87B594D182}.Shipping|HTML5.ActiveCfg = HTML5_Shipping|Win32
		{163E0D09-47F4-459D-8451-5C87B594D182}.Shipping|HTML5.Build.0 = HTML5_Shipping|Win32
		{163E0D09-47F4-459D-8451-5C87B594D182}.Shipping|Win32.ActiveCfg = Shipping|Win32
		{163E0D09-47F4-459D-8451-5C87B594D182}.Shipping|Win32.Build.0 = Shipping|Win32
		{163E0D09-47F4-459D-8451-5C87B594D182}.Shipping|Win64.ActiveCfg = Shipping|x64
		{163E0D09-47F4-459D-8451-5C87B594D182}.Shipping|Win64.Build.0 = Shipping|x64
	EndGlobalSection
	GlobalSection(SolutionProperties) = preSolution
		HideSolutionNode = FALSE
	EndGlobalSection
	GlobalSection(NestedProjects) = preSolution
		{1E62F286-ADDC-4C69-AFC5-654419CED34A} = {3AE401F8-22E4-48B5-A1D8-2599397FA816}
		{163E0D09-47F4-459D-8451-5C87B594D182} = {D799923C-5E9B-478F-9060-79BE09F181DA}
	EndGlobalSection
EndGlobal
